
Microsoft Visual Studio Solution File, Format Version 12.00
# Visual Studio Version 16
VisualStudioVersion = 16.0.29102.190
MinimumVisualStudioVersion = 10.0.40219.1
Project("{9A19103F-16F7-4668-BE54-9A1E7A4F7556}") = "Model", "Model\Model.csproj", "{65172D5E-41E7-4086-B62F-370023007309}"
EndProject
Project("{9A19103F-16F7-4668-BE54-9A1E7A4F7556}") = "Tests", "Tests\Tests.csproj", "{7BF7A2B6-5AB0-4E49-B36B-4C0109E5D922}"
EndProject
Project("{9A19103F-16F7-4668-BE54-9A1E7A4F7556}") = "ConsoleRunner", "ConsoleRunner\ConsoleRunner.csproj", "{DD0FD7E8-659F-4051-96D4-170CB1820C59}"
EndProject
Project("{FAE04EC0-301F-11D3-BF4B-00C04F79EFBC}") = "DbBuilder", "DbBuilder\DbBuilder.csproj", "{6FABC288-293F-45BC-B7FD-9D25BE2D0786}"
EndProject
Global
	GlobalSection(SolutionConfigurationPlatforms) = preSolution
		Debug|Any CPU = Debug|Any CPU
		Release|Any CPU = Release|Any CPU
	EndGlobalSection
	GlobalSection(ProjectConfigurationPlatforms) = postSolution
		{65172D5E-41E7-4086-B62F-370023007309}.Debug|Any CPU.ActiveCfg = Debug|Any CPU
		{65172D5E-41E7-4086-B62F-370023007309}.Debug|Any CPU.Build.0 = Debug|Any CPU
		{65172D5E-41E7-4086-B62F-370023007309}.Release|Any CPU.ActiveCfg = Release|Any CPU
		{65172D5E-41E7-4086-B62F-370023007309}.Release|Any CPU.Build.0 = Release|Any CPU
		{7BF7A2B6-5AB0-4E49-B36B-4C0109E5D922}.Debug|Any CPU.ActiveCfg = Debug|Any CPU
		{7BF7A2B6-5AB0-4E49-B36B-4C0109E5D922}.Debug|Any CPU.Build.0 = Debug|Any CPU
		{7BF7A2B6-5AB0-4E49-B36B-4C0109E5D922}.Release|Any CPU.ActiveCfg = Release|Any CPU
		{7BF7A2B6-5AB0-4E49-B36B-4C0109E5D922}.Release|Any CPU.Build.0 = Release|Any CPU
		{DD0FD7E8-659F-4051-96D4-170CB1820C59}.Debug|Any CPU.ActiveCfg = Debug|Any CPU
		{DD0FD7E8-659F-4051-96D4-170CB1820C59}.Debug|Any CPU.Build.0 = Debug|Any CPU
		{DD0FD7E8-659F-4051-96D4-170CB1820C59}.Release|Any CPU.ActiveCfg = Release|Any CPU
		{DD0FD7E8-659F-4051-96D4-170CB1820C59}.Release|Any CPU.Build.0 = Release|Any CPU
		{6FABC288-293F-45BC-B7FD-9D25BE2D0786}.Debug|Any CPU.ActiveCfg = Debug|Any CPU
		{6FABC288-293F-45BC-B7FD-9D25BE2D0786}.Debug|Any CPU.Build.0 = Debug|Any CPU
		{6FABC288-293F-45BC-B7FD-9D25BE2D0786}.Release|Any CPU.ActiveCfg = Release|Any CPU
		{6FABC288-293F-45BC-B7FD-9D25BE2D0786}.Release|Any CPU.Build.0 = Release|Any CPU
	EndGlobalSection
	GlobalSection(SolutionProperties) = preSolution
		HideSolutionNode = FALSE
	EndGlobalSection
	GlobalSection(ExtensibilityGlobals) = postSolution
		SolutionGuid = {C09FF871-0508-40A5-ABE6-5FA4373D16AD}
	EndGlobalSection
EndGlobal
